// !$*UTF8*$!
{
	archiveVersion = 1;
	classes = {
	};
	objectVersion = 50;
	objects = {

/* Begin PBXBuildFile section */
		5701F64B257D1AC300619488 /* PinEntry.swift in Sources */ = {isa = PBXBuildFile; fileRef = 5701F64A257D1AC300619488 /* PinEntry.swift */; };
		5701F653257D2EEB00619488 /* SetupViewController.swift in Sources */ = {isa = PBXBuildFile; fileRef = 5701F652257D2EEB00619488 /* SetupViewController.swift */; };
		57297C5D256D12F600B9E007 /* HapticMorse.framework in Frameworks */ = {isa = PBXBuildFile; fileRef = 57297BF3256D0A0900B9E007 /* HapticMorse.framework */; };
		57297C5E256D12F600B9E007 /* HapticMorse.framework in Embed Frameworks */ = {isa = PBXBuildFile; fileRef = 57297BF3256D0A0900B9E007 /* HapticMorse.framework */; settings = {ATTRIBUTES = (CodeSignOnCopy, RemoveHeadersOnCopy, ); }; };
		5742D7602559CB32003CC74E /* AppDelegate.swift in Sources */ = {isa = PBXBuildFile; fileRef = 5742D75F2559CB32003CC74E /* AppDelegate.swift */; };
		5742D7622559CB32003CC74E /* SceneDelegate.swift in Sources */ = {isa = PBXBuildFile; fileRef = 5742D7612559CB32003CC74E /* SceneDelegate.swift */; };
		5742D7642559CB32003CC74E /* LoginViewController.swift in Sources */ = {isa = PBXBuildFile; fileRef = 5742D7632559CB32003CC74E /* LoginViewController.swift */; };
		5742D7672559CB32003CC74E /* Main.storyboard in Resources */ = {isa = PBXBuildFile; fileRef = 5742D7652559CB32003CC74E /* Main.storyboard */; };
		5742D7692559CB33003CC74E /* Assets.xcassets in Resources */ = {isa = PBXBuildFile; fileRef = 5742D7682559CB33003CC74E /* Assets.xcassets */; };
		5742D76C2559CB33003CC74E /* LaunchScreen.storyboard in Resources */ = {isa = PBXBuildFile; fileRef = 5742D76A2559CB33003CC74E /* LaunchScreen.storyboard */; };
		578446AF25C094760019F991 /* PredefinedValues.swift in Sources */ = {isa = PBXBuildFile; fileRef = 578446AE25C094760019F991 /* PredefinedValues.swift */; };
		57E2F5AC25B6EEA500727085 /* HomeViewController.swift in Sources */ = {isa = PBXBuildFile; fileRef = 57E2F5AB25B6EEA500727085 /* HomeViewController.swift */; };
		57EDA5D725CC142000B42AE4 /* Constraints.swift in Sources */ = {isa = PBXBuildFile; fileRef = 57EDA5D625CC142000B42AE4 /* Constraints.swift */; };
		57EDA5EF25CC1ED700B42AE4 /* HiddenLockTests.swift in Sources */ = {isa = PBXBuildFile; fileRef = 57EDA5ED25CC1ED700B42AE4 /* HiddenLockTests.swift */; };
		57EDA5F025CC1ED700B42AE4 /* Info.plist in Resources */ = {isa = PBXBuildFile; fileRef = 57EDA5EE25CC1ED700B42AE4 /* Info.plist */; };
		57EDA5F825CC1EE400B42AE4 /* HiddenLockUITests.swift in Sources */ = {isa = PBXBuildFile; fileRef = 57EDA5F625CC1EE400B42AE4 /* HiddenLockUITests.swift */; };
		57EDA5F925CC1EE400B42AE4 /* Info.plist in Resources */ = {isa = PBXBuildFile; fileRef = 57EDA5F725CC1EE400B42AE4 /* Info.plist */; };
		57F0426125682E180028A207 /* Toast.swift in Sources */ = {isa = PBXBuildFile; fileRef = 57F0426025682E180028A207 /* Toast.swift */; };
/* End PBXBuildFile section */

/* Begin PBXContainerItemProxy section */
		5742D7732559CB33003CC74E /* PBXContainerItemProxy */ = {
			isa = PBXContainerItemProxy;
			containerPortal = 5742D7542559CB32003CC74E /* Project object */;
			proxyType = 1;
			remoteGlobalIDString = 5742D75B2559CB32003CC74E;
			remoteInfo = HiddenLock;
		};
		5742D77E2559CB33003CC74E /* PBXContainerItemProxy */ = {
			isa = PBXContainerItemProxy;
			containerPortal = 5742D7542559CB32003CC74E /* Project object */;
			proxyType = 1;
			remoteGlobalIDString = 5742D75B2559CB32003CC74E;
			remoteInfo = HiddenLock;
		};
/* End PBXContainerItemProxy section */

/* Begin PBXCopyFilesBuildPhase section */
		57297C5F256D12F600B9E007 /* Embed Frameworks */ = {
			isa = PBXCopyFilesBuildPhase;
			buildActionMask = 2147483647;
			dstPath = "";
			dstSubfolderSpec = 10;
			files = (
				57297C5E256D12F600B9E007 /* HapticMorse.framework in Embed Frameworks */,
			);
			name = "Embed Frameworks";
			runOnlyForDeploymentPostprocessing = 0;
		};
/* End PBXCopyFilesBuildPhase section */

/* Begin PBXFileReference section */
		5701F64A257D1AC300619488 /* PinEntry.swift */ = {isa = PBXFileReference; lastKnownFileType = sourcecode.swift; path = PinEntry.swift; sourceTree = "<group>"; };
		5701F652257D2EEB00619488 /* SetupViewController.swift */ = {isa = PBXFileReference; lastKnownFileType = sourcecode.swift; path = SetupViewController.swift; sourceTree = "<group>"; };
		57297BF3256D0A0900B9E007 /* HapticMorse.framework */ = {isa = PBXFileReference; explicitFileType = wrapper.framework; path = HapticMorse.framework; sourceTree = BUILT_PRODUCTS_DIR; };
		5742D75C2559CB32003CC74E /* HapticLock.app */ = {isa = PBXFileReference; explicitFileType = wrapper.application; includeInIndex = 0; path = HapticLock.app; sourceTree = BUILT_PRODUCTS_DIR; };
		5742D75F2559CB32003CC74E /* AppDelegate.swift */ = {isa = PBXFileReference; lastKnownFileType = sourcecode.swift; path = AppDelegate.swift; sourceTree = "<group>"; };
		5742D7612559CB32003CC74E /* SceneDelegate.swift */ = {isa = PBXFileReference; lastKnownFileType = sourcecode.swift; path = SceneDelegate.swift; sourceTree = "<group>"; };
		5742D7632559CB32003CC74E /* LoginViewController.swift */ = {isa = PBXFileReference; lastKnownFileType = sourcecode.swift; path = LoginViewController.swift; sourceTree = "<group>"; };
		5742D7662559CB32003CC74E /* Base */ = {isa = PBXFileReference; lastKnownFileType = file.storyboard; name = Base; path = Base.lproj/Main.storyboard; sourceTree = "<group>"; };
		5742D7682559CB33003CC74E /* Assets.xcassets */ = {isa = PBXFileReference; lastKnownFileType = folder.assetcatalog; path = Assets.xcassets; sourceTree = "<group>"; };
		5742D76B2559CB33003CC74E /* Base */ = {isa = PBXFileReference; lastKnownFileType = file.storyboard; name = Base; path = Base.lproj/LaunchScreen.storyboard; sourceTree = "<group>"; };
		5742D76D2559CB33003CC74E /* Info.plist */ = {isa = PBXFileReference; lastKnownFileType = text.plist.xml; path = Info.plist; sourceTree = "<group>"; };
		5742D7722559CB33003CC74E /* HapticLockTests.xctest */ = {isa = PBXFileReference; explicitFileType = wrapper.cfbundle; includeInIndex = 0; path = HapticLockTests.xctest; sourceTree = BUILT_PRODUCTS_DIR; };
		5742D77D2559CB33003CC74E /* HapticLockUITests.xctest */ = {isa = PBXFileReference; explicitFileType = wrapper.cfbundle; includeInIndex = 0; path = HapticLockUITests.xctest; sourceTree = BUILT_PRODUCTS_DIR; };
		578446AE25C094760019F991 /* PredefinedValues.swift */ = {isa = PBXFileReference; lastKnownFileType = sourcecode.swift; path = PredefinedValues.swift; sourceTree = "<group>"; };
		57E2F5AB25B6EEA500727085 /* HomeViewController.swift */ = {isa = PBXFileReference; lastKnownFileType = sourcecode.swift; path = HomeViewController.swift; sourceTree = "<group>"; };
		57EDA5D625CC142000B42AE4 /* Constraints.swift */ = {isa = PBXFileReference; lastKnownFileType = sourcecode.swift; path = Constraints.swift; sourceTree = "<group>"; };
		57EDA5ED25CC1ED700B42AE4 /* HiddenLockTests.swift */ = {isa = PBXFileReference; fileEncoding = 4; lastKnownFileType = sourcecode.swift; path = HiddenLockTests.swift; sourceTree = "<group>"; };
		57EDA5EE25CC1ED700B42AE4 /* Info.plist */ = {isa = PBXFileReference; fileEncoding = 4; lastKnownFileType = text.plist.xml; path = Info.plist; sourceTree = "<group>"; };
		57EDA5F625CC1EE400B42AE4 /* HiddenLockUITests.swift */ = {isa = PBXFileReference; fileEncoding = 4; lastKnownFileType = sourcecode.swift; path = HiddenLockUITests.swift; sourceTree = "<group>"; };
		57EDA5F725CC1EE400B42AE4 /* Info.plist */ = {isa = PBXFileReference; fileEncoding = 4; lastKnownFileType = text.plist.xml; path = Info.plist; sourceTree = "<group>"; };
		57F0426025682E180028A207 /* Toast.swift */ = {isa = PBXFileReference; lastKnownFileType = sourcecode.swift; path = Toast.swift; sourceTree = "<group>"; };
/* End PBXFileReference section */

/* Begin PBXFrameworksBuildPhase section */
		5742D7592559CB32003CC74E /* Frameworks */ = {
			isa = PBXFrameworksBuildPhase;
			buildActionMask = 2147483647;
			files = (
				57297C5D256D12F600B9E007 /* HapticMorse.framework in Frameworks */,
			);
			runOnlyForDeploymentPostprocessing = 0;
		};
		5742D76F2559CB33003CC74E /* Frameworks */ = {
			isa = PBXFrameworksBuildPhase;
			buildActionMask = 2147483647;
			files = (
			);
			runOnlyForDeploymentPostprocessing = 0;
		};
		5742D77A2559CB33003CC74E /* Frameworks */ = {
			isa = PBXFrameworksBuildPhase;
			buildActionMask = 2147483647;
			files = (
			);
			runOnlyForDeploymentPostprocessing = 0;
		};
/* End PBXFrameworksBuildPhase section */

/* Begin PBXGroup section */
		57297BF2256D0A0900B9E007 /* Frameworks */ = {
			isa = PBXGroup;
			children = (
				57297BF3256D0A0900B9E007 /* HapticMorse.framework */,
			);
			name = Frameworks;
			sourceTree = "<group>";
		};
		5742D7532559CB32003CC74E = {
			isa = PBXGroup;
			children = (
				5742D75E2559CB32003CC74E /* HapticLock */,
				57EDA5EC25CC1ED700B42AE4 /* HapticLockTests */,
				57EDA5F525CC1EE400B42AE4 /* HapticLockUITests */,
				5742D75D2559CB32003CC74E /* Products */,
				57297BF2256D0A0900B9E007 /* Frameworks */,
			);
			sourceTree = "<group>";
		};
		5742D75D2559CB32003CC74E /* Products */ = {
			isa = PBXGroup;
			children = (
				5742D75C2559CB32003CC74E /* HapticLock.app */,
				5742D7722559CB33003CC74E /* HapticLockTests.xctest */,
				5742D77D2559CB33003CC74E /* HapticLockUITests.xctest */,
			);
			name = Products;
			sourceTree = "<group>";
		};
		5742D75E2559CB32003CC74E /* HapticLock */ = {
			isa = PBXGroup;
			children = (
				5742D75F2559CB32003CC74E /* AppDelegate.swift */,
				5742D7612559CB32003CC74E /* SceneDelegate.swift */,
				5701F652257D2EEB00619488 /* SetupViewController.swift */,
				5742D7632559CB32003CC74E /* LoginViewController.swift */,
				57E2F5AB25B6EEA500727085 /* HomeViewController.swift */,
				5742D7652559CB32003CC74E /* Main.storyboard */,
				57EDA5D625CC142000B42AE4 /* Constraints.swift */,
				5701F64A257D1AC300619488 /* PinEntry.swift */,
				578446AE25C094760019F991 /* PredefinedValues.swift */,
				57F0426025682E180028A207 /* Toast.swift */,
				5742D7682559CB33003CC74E /* Assets.xcassets */,
				5742D76A2559CB33003CC74E /* LaunchScreen.storyboard */,
				5742D76D2559CB33003CC74E /* Info.plist */,
			);
			path = HapticLock;
			sourceTree = "<group>";
		};
		57EDA5EC25CC1ED700B42AE4 /* HapticLockTests */ = {
			isa = PBXGroup;
			children = (
				57EDA5ED25CC1ED700B42AE4 /* HiddenLockTests.swift */,
				57EDA5EE25CC1ED700B42AE4 /* Info.plist */,
			);
			path = HapticLockTests;
			sourceTree = "<group>";
		};
		57EDA5F525CC1EE400B42AE4 /* HapticLockUITests */ = {
			isa = PBXGroup;
			children = (
				57EDA5F625CC1EE400B42AE4 /* HiddenLockUITests.swift */,
				57EDA5F725CC1EE400B42AE4 /* Info.plist */,
			);
			path = HapticLockUITests;
			sourceTree = "<group>";
		};
/* End PBXGroup section */

/* Begin PBXNativeTarget section */
		5742D75B2559CB32003CC74E /* HapticLock */ = {
			isa = PBXNativeTarget;
			buildConfigurationList = 5742D7862559CB33003CC74E /* Build configuration list for PBXNativeTarget "HapticLock" */;
			buildPhases = (
				5742D7582559CB32003CC74E /* Sources */,
				5742D7592559CB32003CC74E /* Frameworks */,
				5742D75A2559CB32003CC74E /* Resources */,
				57297C5F256D12F600B9E007 /* Embed Frameworks */,
			);
			buildRules = (
			);
			dependencies = (
			);
			name = HapticLock;
			productName = HiddenLock;
			productReference = 5742D75C2559CB32003CC74E /* HapticLock.app */;
			productType = "com.apple.product-type.application";
		};
		5742D7712559CB33003CC74E /* HapticLockTests */ = {
			isa = PBXNativeTarget;
			buildConfigurationList = 5742D7892559CB33003CC74E /* Build configuration list for PBXNativeTarget "HapticLockTests" */;
			buildPhases = (
				5742D76E2559CB33003CC74E /* Sources */,
				5742D76F2559CB33003CC74E /* Frameworks */,
				5742D7702559CB33003CC74E /* Resources */,
			);
			buildRules = (
			);
			dependencies = (
				5742D7742559CB33003CC74E /* PBXTargetDependency */,
			);
			name = HapticLockTests;
			productName = HiddenLockTests;
			productReference = 5742D7722559CB33003CC74E /* HapticLockTests.xctest */;
			productType = "com.apple.product-type.bundle.unit-test";
		};
		5742D77C2559CB33003CC74E /* HapticLockUITests */ = {
			isa = PBXNativeTarget;
			buildConfigurationList = 5742D78C2559CB33003CC74E /* Build configuration list for PBXNativeTarget "HapticLockUITests" */;
			buildPhases = (
				5742D7792559CB33003CC74E /* Sources */,
				5742D77A2559CB33003CC74E /* Frameworks */,
				5742D77B2559CB33003CC74E /* Resources */,
			);
			buildRules = (
			);
			dependencies = (
				5742D77F2559CB33003CC74E /* PBXTargetDependency */,
			);
			name = HapticLockUITests;
			productName = HiddenLockUITests;
			productReference = 5742D77D2559CB33003CC74E /* HapticLockUITests.xctest */;
			productType = "com.apple.product-type.bundle.ui-testing";
		};
/* End PBXNativeTarget section */

/* Begin PBXProject section */
		5742D7542559CB32003CC74E /* Project object */ = {
			isa = PBXProject;
			attributes = {
				LastSwiftUpdateCheck = 1210;
				LastUpgradeCheck = 1210;
				TargetAttributes = {
					5742D75B2559CB32003CC74E = {
						CreatedOnToolsVersion = 12.1;
					};
					5742D7712559CB33003CC74E = {
						CreatedOnToolsVersion = 12.1;
						TestTargetID = 5742D75B2559CB32003CC74E;
					};
					5742D77C2559CB33003CC74E = {
						CreatedOnToolsVersion = 12.1;
						TestTargetID = 5742D75B2559CB32003CC74E;
					};
				};
			};
			buildConfigurationList = 5742D7572559CB32003CC74E /* Build configuration list for PBXProject "HapticLock" */;
			compatibilityVersion = "Xcode 9.3";
			developmentRegion = en;
			hasScannedForEncodings = 0;
			knownRegions = (
				en,
				Base,
			);
			mainGroup = 5742D7532559CB32003CC74E;
			productRefGroup = 5742D75D2559CB32003CC74E /* Products */;
			projectDirPath = "";
			projectRoot = "";
			targets = (
				5742D75B2559CB32003CC74E /* HapticLock */,
				5742D7712559CB33003CC74E /* HapticLockTests */,
				5742D77C2559CB33003CC74E /* HapticLockUITests */,
			);
		};
/* End PBXProject section */

/* Begin PBXResourcesBuildPhase section */
		5742D75A2559CB32003CC74E /* Resources */ = {
			isa = PBXResourcesBuildPhase;
			buildActionMask = 2147483647;
			files = (
				5742D76C2559CB33003CC74E /* LaunchScreen.storyboard in Resources */,
				5742D7692559CB33003CC74E /* Assets.xcassets in Resources */,
				5742D7672559CB32003CC74E /* Main.storyboard in Resources */,
			);
			runOnlyForDeploymentPostprocessing = 0;
		};
		5742D7702559CB33003CC74E /* Resources */ = {
			isa = PBXResourcesBuildPhase;
			buildActionMask = 2147483647;
			files = (
				57EDA5F025CC1ED700B42AE4 /* Info.plist in Resources */,
			);
			runOnlyForDeploymentPostprocessing = 0;
		};
		5742D77B2559CB33003CC74E /* Resources */ = {
			isa = PBXResourcesBuildPhase;
			buildActionMask = 2147483647;
			files = (
				57EDA5F925CC1EE400B42AE4 /* Info.plist in Resources */,
			);
			runOnlyForDeploymentPostprocessing = 0;
		};
/* End PBXResourcesBuildPhase section */

/* Begin PBXSourcesBuildPhase section */
		5742D7582559CB32003CC74E /* Sources */ = {
			isa = PBXSourcesBuildPhase;
			buildActionMask = 2147483647;
			files = (
				5742D7642559CB32003CC74E /* LoginViewController.swift in Sources */,
				57F0426125682E180028A207 /* Toast.swift in Sources */,
				5742D7602559CB32003CC74E /* AppDelegate.swift in Sources */,
				5701F64B257D1AC300619488 /* PinEntry.swift in Sources */,
				57EDA5D725CC142000B42AE4 /* Constraints.swift in Sources */,
				57E2F5AC25B6EEA500727085 /* HomeViewController.swift in Sources */,
				5701F653257D2EEB00619488 /* SetupViewController.swift in Sources */,
				5742D7622559CB32003CC74E /* SceneDelegate.swift in Sources */,
				578446AF25C094760019F991 /* PredefinedValues.swift in Sources */,
			);
			runOnlyForDeploymentPostprocessing = 0;
		};
		5742D76E2559CB33003CC74E /* Sources */ = {
			isa = PBXSourcesBuildPhase;
			buildActionMask = 2147483647;
			files = (
				57EDA5EF25CC1ED700B42AE4 /* HiddenLockTests.swift in Sources */,
			);
			runOnlyForDeploymentPostprocessing = 0;
		};
		5742D7792559CB33003CC74E /* Sources */ = {
			isa = PBXSourcesBuildPhase;
			buildActionMask = 2147483647;
			files = (
				57EDA5F825CC1EE400B42AE4 /* HiddenLockUITests.swift in Sources */,
			);
			runOnlyForDeploymentPostprocessing = 0;
		};
/* End PBXSourcesBuildPhase section */

/* Begin PBXTargetDependency section */
		5742D7742559CB33003CC74E /* PBXTargetDependency */ = {
			isa = PBXTargetDependency;
			target = 5742D75B2559CB32003CC74E /* HapticLock */;
			targetProxy = 5742D7732559CB33003CC74E /* PBXContainerItemProxy */;
		};
		5742D77F2559CB33003CC74E /* PBXTargetDependency */ = {
			isa = PBXTargetDependency;
			target = 5742D75B2559CB32003CC74E /* HapticLock */;
			targetProxy = 5742D77E2559CB33003CC74E /* PBXContainerItemProxy */;
		};
/* End PBXTargetDependency section */

/* Begin PBXVariantGroup section */
		5742D7652559CB32003CC74E /* Main.storyboard */ = {
			isa = PBXVariantGroup;
			children = (
				5742D7662559CB32003CC74E /* Base */,
			);
			name = Main.storyboard;
			sourceTree = "<group>";
		};
		5742D76A2559CB33003CC74E /* LaunchScreen.storyboard */ = {
			isa = PBXVariantGroup;
			children = (
				5742D76B2559CB33003CC74E /* Base */,
			);
			name = LaunchScreen.storyboard;
			sourceTree = "<group>";
		};
/* End PBXVariantGroup section */

/* Begin XCBuildConfiguration section */
		5742D7842559CB33003CC74E /* Debug */ = {
			isa = XCBuildConfiguration;
			buildSettings = {
				ALWAYS_SEARCH_USER_PATHS = NO;
				CLANG_ANALYZER_NONNULL = YES;
				CLANG_ANALYZER_NUMBER_OBJECT_CONVERSION = YES_AGGRESSIVE;
				CLANG_CXX_LANGUAGE_STANDARD = "gnu++14";
				CLANG_CXX_LIBRARY = "libc++";
				CLANG_ENABLE_MODULES = YES;
				CLANG_ENABLE_OBJC_ARC = YES;
				CLANG_ENABLE_OBJC_WEAK = YES;
				CLANG_WARN_BLOCK_CAPTURE_AUTORELEASING = YES;
				CLANG_WARN_BOOL_CONVERSION = YES;
				CLANG_WARN_COMMA = YES;
				CLANG_WARN_CONSTANT_CONVERSION = YES;
				CLANG_WARN_DEPRECATED_OBJC_IMPLEMENTATIONS = YES;
				CLANG_WARN_DIRECT_OBJC_ISA_USAGE = YES_ERROR;
				CLANG_WARN_DOCUMENTATION_COMMENTS = YES;
				CLANG_WARN_EMPTY_BODY = YES;
				CLANG_WARN_ENUM_CONVERSION = YES;
				CLANG_WARN_INFINITE_RECURSION = YES;
				CLANG_WARN_INT_CONVERSION = YES;
				CLANG_WARN_NON_LITERAL_NULL_CONVERSION = YES;
				CLANG_WARN_OBJC_IMPLICIT_RETAIN_SELF = YES;
				CLANG_WARN_OBJC_LITERAL_CONVERSION = YES;
				CLANG_WARN_OBJC_ROOT_CLASS = YES_ERROR;
				CLANG_WARN_QUOTED_INCLUDE_IN_FRAMEWORK_HEADER = YES;
				CLANG_WARN_RANGE_LOOP_ANALYSIS = YES;
				CLANG_WARN_STRICT_PROTOTYPES = YES;
				CLANG_WARN_SUSPICIOUS_MOVE = YES;
				CLANG_WARN_UNGUARDED_AVAILABILITY = YES_AGGRESSIVE;
				CLANG_WARN_UNREACHABLE_CODE = YES;
				CLANG_WARN__DUPLICATE_METHOD_MATCH = YES;
				COPY_PHASE_STRIP = NO;
				DEBUG_INFORMATION_FORMAT = dwarf;
				DEVELOPMENT_TEAM = 6ALTGZ8XZ4;
				ENABLE_STRICT_OBJC_MSGSEND = YES;
				ENABLE_TESTABILITY = YES;
				GCC_C_LANGUAGE_STANDARD = gnu11;
				GCC_DYNAMIC_NO_PIC = NO;
				GCC_NO_COMMON_BLOCKS = YES;
				GCC_OPTIMIZATION_LEVEL = 0;
				GCC_PREPROCESSOR_DEFINITIONS = (
					"DEBUG=1",
					"$(inherited)",
				);
				GCC_WARN_64_TO_32_BIT_CONVERSION = YES;
				GCC_WARN_ABOUT_RETURN_TYPE = YES_ERROR;
				GCC_WARN_UNDECLARED_SELECTOR = YES;
				GCC_WARN_UNINITIALIZED_AUTOS = YES_AGGRESSIVE;
				GCC_WARN_UNUSED_FUNCTION = YES;
				GCC_WARN_UNUSED_VARIABLE = YES;
				IPHONEOS_DEPLOYMENT_TARGET = 13.2;
				MTL_ENABLE_DEBUG_INFO = INCLUDE_SOURCE;
				MTL_FAST_MATH = YES;
				ONLY_ACTIVE_ARCH = YES;
				SDKROOT = iphoneos;
				SWIFT_ACTIVE_COMPILATION_CONDITIONS = DEBUG;
				SWIFT_OPTIMIZATION_LEVEL = "-Onone";
			};
			name = Debug;
		};
		5742D7852559CB33003CC74E /* Release */ = {
			isa = XCBuildConfiguration;
			buildSettings = {
				ALWAYS_SEARCH_USER_PATHS = NO;
				CLANG_ANALYZER_NONNULL = YES;
				CLANG_ANALYZER_NUMBER_OBJECT_CONVERSION = YES_AGGRESSIVE;
				CLANG_CXX_LANGUAGE_STANDARD = "gnu++14";
				CLANG_CXX_LIBRARY = "libc++";
				CLANG_ENABLE_MODULES = YES;
				CLANG_ENABLE_OBJC_ARC = YES;
				CLANG_ENABLE_OBJC_WEAK = YES;
				CLANG_WARN_BLOCK_CAPTURE_AUTORELEASING = YES;
				CLANG_WARN_BOOL_CONVERSION = YES;
				CLANG_WARN_COMMA = YES;
				CLANG_WARN_CONSTANT_CONVERSION = YES;
				CLANG_WARN_DEPRECATED_OBJC_IMPLEMENTATIONS = YES;
				CLANG_WARN_DIRECT_OBJC_ISA_USAGE = YES_ERROR;
				CLANG_WARN_DOCUMENTATION_COMMENTS = YES;
				CLANG_WARN_EMPTY_BODY = YES;
				CLANG_WARN_ENUM_CONVERSION = YES;
				CLANG_WARN_INFINITE_RECURSION = YES;
				CLANG_WARN_INT_CONVERSION = YES;
				CLANG_WARN_NON_LITERAL_NULL_CONVERSION = YES;
				CLANG_WARN_OBJC_IMPLICIT_RETAIN_SELF = YES;
				CLANG_WARN_OBJC_LITERAL_CONVERSION = YES;
				CLANG_WARN_OBJC_ROOT_CLASS = YES_ERROR;
				CLANG_WARN_QUOTED_INCLUDE_IN_FRAMEWORK_HEADER = YES;
				CLANG_WARN_RANGE_LOOP_ANALYSIS = YES;
				CLANG_WARN_STRICT_PROTOTYPES = YES;
				CLANG_WARN_SUSPICIOUS_MOVE = YES;
				CLANG_WARN_UNGUARDED_AVAILABILITY = YES_AGGRESSIVE;
				CLANG_WARN_UNREACHABLE_CODE = YES;
				CLANG_WARN__DUPLICATE_METHOD_MATCH = YES;
				COPY_PHASE_STRIP = NO;
				DEBUG_INFORMATION_FORMAT = "dwarf-with-dsym";
				DEVELOPMENT_TEAM = 6ALTGZ8XZ4;
				ENABLE_NS_ASSERTIONS = NO;
				ENABLE_STRICT_OBJC_MSGSEND = YES;
				GCC_C_LANGUAGE_STANDARD = gnu11;
				GCC_NO_COMMON_BLOCKS = YES;
				GCC_WARN_64_TO_32_BIT_CONVERSION = YES;
				GCC_WARN_ABOUT_RETURN_TYPE = YES_ERROR;
				GCC_WARN_UNDECLARED_SELECTOR = YES;
				GCC_WARN_UNINITIALIZED_AUTOS = YES_AGGRESSIVE;
				GCC_WARN_UNUSED_FUNCTION = YES;
				GCC_WARN_UNUSED_VARIABLE = YES;
				IPHONEOS_DEPLOYMENT_TARGET = 13.2;
				MTL_ENABLE_DEBUG_INFO = NO;
				MTL_FAST_MATH = YES;
				SDKROOT = iphoneos;
				SWIFT_COMPILATION_MODE = wholemodule;
				SWIFT_OPTIMIZATION_LEVEL = "-O";
				VALIDATE_PRODUCT = YES;
			};
			name = Release;
		};
		5742D7872559CB33003CC74E /* Debug */ = {
			isa = XCBuildConfiguration;
			buildSettings = {
				ASSETCATALOG_COMPILER_APPICON_NAME = AppIcon;
				ASSETCATALOG_COMPILER_GLOBAL_ACCENT_COLOR_NAME = AccentColor;
				CODE_SIGN_STYLE = Automatic;
				CURRENT_PROJECT_VERSION = 6;
				DEVELOPMENT_TEAM = 6ALTGZ8XZ4;
				FRAMEWORK_SEARCH_PATHS = "";
				HEADER_SEARCH_PATHS = "";
				INFOPLIST_FILE = "$(SRCROOT)/HapticLock/Info.plist";
				IPHONEOS_DEPLOYMENT_TARGET = 13.2;
				LD_RUNPATH_SEARCH_PATHS = (
					"$(inherited)",
					"@executable_path/Frameworks",
				);
				MARKETING_VERSION = 2.1;
				PRODUCT_BUNDLE_IDENTIFIER = l5project.HapticLock;
				PRODUCT_NAME = "$(TARGET_NAME)";
				SWIFT_VERSION = 5.0;
				SYSTEM_HEADER_SEARCH_PATHS = "$(PROJECT_DIR)/HapticMorse/HapticMorse/HapticMorse.h";
				TARGETED_DEVICE_FAMILY = 1;
			};
			name = Debug;
		};
		5742D7882559CB33003CC74E /* Release */ = {
			isa = XCBuildConfiguration;
			buildSettings = {
				ASSETCATALOG_COMPILER_APPICON_NAME = AppIcon;
				ASSETCATALOG_COMPILER_GLOBAL_ACCENT_COLOR_NAME = AccentColor;
				CODE_SIGN_STYLE = Automatic;
				CURRENT_PROJECT_VERSION = 6;
				DEVELOPMENT_TEAM = 6ALTGZ8XZ4;
				FRAMEWORK_SEARCH_PATHS = "";
				HEADER_SEARCH_PATHS = "";
				INFOPLIST_FILE = "$(SRCROOT)/HapticLock/Info.plist";
				IPHONEOS_DEPLOYMENT_TARGET = 13.2;
				LD_RUNPATH_SEARCH_PATHS = (
					"$(inherited)",
					"@executable_path/Frameworks",
				);
				MARKETING_VERSION = 2.1;
				PRODUCT_BUNDLE_IDENTIFIER = l5project.HapticLock;
				PRODUCT_NAME = "$(TARGET_NAME)";
				SWIFT_VERSION = 5.0;
				SYSTEM_HEADER_SEARCH_PATHS = "$(PROJECT_DIR)/HapticMorse/HapticMorse/HapticMorse.h";
				TARGETED_DEVICE_FAMILY = 1;
			};
			name = Release;
		};
		5742D78A2559CB33003CC74E /* Debug */ = {
			isa = XCBuildConfiguration;
			buildSettings = {
				ALWAYS_EMBED_SWIFT_STANDARD_LIBRARIES = YES;
				BUNDLE_LOADER = "$(TEST_HOST)";
				CODE_SIGN_STYLE = Automatic;
				DEVELOPMENT_TEAM = 6ALTGZ8XZ4;
				INFOPLIST_FILE = HiddenLockTests/Info.plist;
				IPHONEOS_DEPLOYMENT_TARGET = 13.2;
				LD_RUNPATH_SEARCH_PATHS = (
					"$(inherited)",
					"@executable_path/Frameworks",
					"@loader_path/Frameworks",
				);
				PRODUCT_BUNDLE_IDENTIFIER = l5project.HiddenLockTests;
				PRODUCT_NAME = "$(TARGET_NAME)";
				SWIFT_VERSION = 5.0;
				TARGETED_DEVICE_FAMILY = 1;
				TEST_HOST = "$(BUILT_PRODUCTS_DIR)/HapticLock.app/HapticLock";
			};
			name = Debug;
		};
		5742D78B2559CB33003CC74E /* Release */ = {
			isa = XCBuildConfiguration;
			buildSettings = {
				ALWAYS_EMBED_SWIFT_STANDARD_LIBRARIES = YES;
				BUNDLE_LOADER = "$(TEST_HOST)";
				CODE_SIGN_STYLE = Automatic;
				DEVELOPMENT_TEAM = 6ALTGZ8XZ4;
				INFOPLIST_FILE = HiddenLockTests/Info.plist;
				IPHONEOS_DEPLOYMENT_TARGET = 13.2;
				LD_RUNPATH_SEARCH_PATHS = (
					"$(inherited)",
					"@executable_path/Frameworks",
					"@loader_path/Frameworks",
				);
				PRODUCT_BUNDLE_IDENTIFIER = l5project.HiddenLockTests;
				PRODUCT_NAME = "$(TARGET_NAME)";
				SWIFT_VERSION = 5.0;
				TARGETED_DEVICE_FAMILY = 1;
				TEST_HOST = "$(BUILT_PRODUCTS_DIR)/HapticLock.app/HapticLock";
			};
			name = Release;
		};
		5742D78D2559CB33003CC74E /* Debug */ = {
			isa = XCBuildConfiguration;
			buildSettings = {
				ALWAYS_EMBED_SWIFT_STANDARD_LIBRARIES = YES;
				CODE_SIGN_STYLE = Automatic;
				DEVELOPMENT_TEAM = 6ALTGZ8XZ4;
				INFOPLIST_FILE = HiddenLockUITests/Info.plist;
				IPHONEOS_DEPLOYMENT_TARGET = 13.2;
				LD_RUNPATH_SEARCH_PATHS = (
					"$(inherited)",
					"@executable_path/Frameworks",
					"@loader_path/Frameworks",
				);
				PRODUCT_BUNDLE_IDENTIFIER = l5project.HiddenLockUITests;
				PRODUCT_NAME = "$(TARGET_NAME)";
				SWIFT_VERSION = 5.0;
				TARGETED_DEVICE_FAMILY = 1;
				TEST_TARGET_NAME = HiddenLock;
			};
			name = Debug;
		};
		5742D78E2559CB33003CC74E /* Release */ = {
			isa = XCBuildConfiguration;
			buildSettings = {
				ALWAYS_EMBED_SWIFT_STANDARD_LIBRARIES = YES;
				CODE_SIGN_STYLE = Automatic;
				DEVELOPMENT_TEAM = 6ALTGZ8XZ4;
				INFOPLIST_FILE = HiddenLockUITests/Info.plist;
				IPHONEOS_DEPLOYMENT_TARGET = 13.2;
				LD_RUNPATH_SEARCH_PATHS = (
					"$(inherited)",
					"@executable_path/Frameworks",
					"@loader_path/Frameworks",
				);
				PRODUCT_BUNDLE_IDENTIFIER = l5project.HiddenLockUITests;
				PRODUCT_NAME = "$(TARGET_NAME)";
				SWIFT_VERSION = 5.0;
				TARGETED_DEVICE_FAMILY = 1;
				TEST_TARGET_NAME = HiddenLock;
			};
			name = Release;
		};
/* End XCBuildConfiguration section */

/* Begin XCConfigurationList section */
		5742D7572559CB32003CC74E /* Build configuration list for PBXProject "HapticLock" */ = {
			isa = XCConfigurationList;
			buildConfigurations = (
				5742D7842559CB33003CC74E /* Debug */,
				5742D7852559CB33003CC74E /* Release */,
			);
			defaultConfigurationIsVisible = 0;
			defaultConfigurationName = Release;
		};
		5742D7862559CB33003CC74E /* Build configuration list for PBXNativeTarget "HapticLock" */ = {
			isa = XCConfigurationList;
			buildConfigurations = (
				5742D7872559CB33003CC74E /* Debug */,
				5742D7882559CB33003CC74E /* Release */,
			);
			defaultConfigurationIsVisible = 0;
			defaultConfigurationName = Release;
		};
		5742D7892559CB33003CC74E /* Build configuration list for PBXNativeTarget "HapticLockTests" */ = {
			isa = XCConfigurationList;
			buildConfigurations = (
				5742D78A2559CB33003CC74E /* Debug */,
				5742D78B2559CB33003CC74E /* Release */,
			);
			defaultConfigurationIsVisible = 0;
			defaultConfigurationName = Release;
		};
		5742D78C2559CB33003CC74E /* Build configuration list for PBXNativeTarget "HapticLockUITests" */ = {
			isa = XCConfigurationList;
			buildConfigurations = (
				5742D78D2559CB33003CC74E /* Debug */,
				5742D78E2559CB33003CC74E /* Release */,
			);
			defaultConfigurationIsVisible = 0;
			defaultConfigurationName = Release;
		};
/* End XCConfigurationList section */
	};
	rootObject = 5742D7542559CB32003CC74E /* Project object */;
}
